
Microsoft Visual Studio Solution File, Format Version 12.00
# Visual Studio Version 16
VisualStudioVersion = 16.0.30011.22
MinimumVisualStudioVersion = 10.0.40219.1
Project("{FAE04EC0-301F-11D3-BF4B-00C04F79EFBC}") = "Panel Login Register Galaxy", "Panel Login Register Galaxy\Panel Login Register Galaxy.csproj", "{87CB61C9-C67E-4034-8DBD-49E7888DD5AB}"
EndProject
Global
	GlobalSection(SolutionConfigurationPlatforms) = preSolution
		Debug|Any CPU = Debug|Any CPU
		Release|Any CPU = Release|Any CPU
	EndGlobalSection
	GlobalSection(ProjectConfigurationPlatforms) = postSolution
		{87CB61C9-C67E-4034-8DBD-49E7888DD5AB}.Debug|Any CPU.ActiveCfg = Debug|Any CPU
		{87CB61C9-C67E-4034-8DBD-49E7888DD5AB}.Debug|Any CPU.Build.0 = Debug|Any CPU
		{87CB61C9-C67E-4034-8DBD-49E7888DD5AB}.Release|Any CPU.ActiveCfg = Release|Any CPU
		{87CB61C9-C67E-4034-8DBD-49E7888DD5AB}.Release|Any CPU.Build.0 = Release|Any CPU
	EndGlobalSection
	GlobalSection(SolutionProperties) = preSolution
		HideSolutionNode = FALSE
	EndGlobalSection
	GlobalSection(ExtensibilityGlobals) = postSolution
		SolutionGuid = {3D857AAA-35D3-4935-9411-29BBFEE29434}
	EndGlobalSection
EndGlobal
